
Microsoft Visual Studio Solution File, Format Version 12.00
# Visual Studio Version 17
VisualStudioVersion = 17.7.34024.191
MinimumVisualStudioVersion = 10.0.40219.1
Project("{FAE04EC0-301F-11D3-BF4B-00C04F79EFBC}") = "FourwardBackend", "FourwardBackend\FourwardBackend.csproj", "{672E4D38-A0A5-453F-BAAA-9A9D00D588D9}"
EndProject
Global
	GlobalSection(SolutionConfigurationPlatforms) = preSolution
		Debug|Any CPU = Debug|Any CPU
		Release|Any CPU = Release|Any CPU
	EndGlobalSection
	GlobalSection(ProjectConfigurationPlatforms) = postSolution
		{672E4D38-A0A5-453F-BAAA-9A9D00D588D9}.Debug|Any CPU.ActiveCfg = Debug|Any CPU
		{672E4D38-A0A5-453F-BAAA-9A9D00D588D9}.Debug|Any CPU.Build.0 = Debug|Any CPU
		{672E4D38-A0A5-453F-BAAA-9A9D00D588D9}.Release|Any CPU.ActiveCfg = Release|Any CPU
		{672E4D38-A0A5-453F-BAAA-9A9D00D588D9}.Release|Any CPU.Build.0 = Release|Any CPU
	EndGlobalSection
	GlobalSection(SolutionProperties) = preSolution
		HideSolutionNode = FALSE
	EndGlobalSection
	GlobalSection(ExtensibilityGlobals) = postSolution
		SolutionGuid = {CDF63636-9DDA-4477-87C8-93F19BD2827F}
	EndGlobalSection
EndGlobal
